// !$*UTF8*$!
{
	archiveVersion = 1;
	classes = {
	};
	objectVersion = 50;
	objects = {

/* Begin PBXBuildFile section */
		0A059C7E241241010067B69A /* AppDelegate.m in Sources */ = {isa = PBXBuildFile; fileRef = 0A059C7D241241010067B69A /* AppDelegate.m */; };
		0A059C84241241010067B69A /* ViewController.m in Sources */ = {isa = PBXBuildFile; fileRef = 0A059C83241241010067B69A /* ViewController.m */; };
		0A059C87241241010067B69A /* Main.storyboard in Resources */ = {isa = PBXBuildFile; fileRef = 0A059C85241241010067B69A /* Main.storyboard */; };
		0A059C89241241020067B69A /* Assets.xcassets in Resources */ = {isa = PBXBuildFile; fileRef = 0A059C88241241020067B69A /* Assets.xcassets */; };
		0A059C8C241241020067B69A /* LaunchScreen.storyboard in Resources */ = {isa = PBXBuildFile; fileRef = 0A059C8A241241020067B69A /* LaunchScreen.storyboard */; };
		0A059C8F241241020067B69A /* main.m in Sources */ = {isa = PBXBuildFile; fileRef = 0A059C8E241241020067B69A /* main.m */; };
		0AA7F6C927145FD900475CD3 /* HYGameSDK.framework in Frameworks */ = {isa = PBXBuildFile; fileRef = 0A866D372588AB9D00DA4D59 /* HYGameSDK.framework */; };
		0AA7F6CA27145FD900475CD3 /* HYGameSDK.framework in Embed Frameworks */ = {isa = PBXBuildFile; fileRef = 0A866D372588AB9D00DA4D59 /* HYGameSDK.framework */; settings = {ATTRIBUTES = (CodeSignOnCopy, RemoveHeadersOnCopy, ); }; };
		0AA7F6CD2714645300475CD3 /* Bundle.bundle in Resources */ = {isa = PBXBuildFile; fileRef = 0AA7F6CC2714645300475CD3 /* Bundle.bundle */; };
/* End PBXBuildFile section */

/* Begin PBXCopyFilesBuildPhase section */
		0AA7F6CB27145FD900475CD3 /* Embed Frameworks */ = {
			isa = PBXCopyFilesBuildPhase;
			buildActionMask = 2147483647;
			dstPath = "";
			dstSubfolderSpec = 10;
			files = (
				0AA7F6CA27145FD900475CD3 /* HYGameSDK.framework in Embed Frameworks */,
			);
			name = "Embed Frameworks";
			runOnlyForDeploymentPostprocessing = 0;
		};
/* End PBXCopyFilesBuildPhase section */

/* Begin PBXFileReference section */
		0A059C79241241010067B69A /* 11QF_NewSDK.app */ = {isa = PBXFileReference; explicitFileType = wrapper.application; includeInIndex = 0; path = 11QF_NewSDK.app; sourceTree = BUILT_PRODUCTS_DIR; };
		0A059C7C241241010067B69A /* AppDelegate.h */ = {isa = PBXFileReference; lastKnownFileType = sourcecode.c.h; path = AppDelegate.h; sourceTree = "<group>"; };
		0A059C7D241241010067B69A /* AppDelegate.m */ = {isa = PBXFileReference; lastKnownFileType = sourcecode.c.objc; path = AppDelegate.m; sourceTree = "<group>"; };
		0A059C82241241010067B69A /* ViewController.h */ = {isa = PBXFileReference; lastKnownFileType = sourcecode.c.h; path = ViewController.h; sourceTree = "<group>"; };
		0A059C83241241010067B69A /* ViewController.m */ = {isa = PBXFileReference; lastKnownFileType = sourcecode.c.objc; path = ViewController.m; sourceTree = "<group>"; };
		0A059C86241241010067B69A /* Base */ = {isa = PBXFileReference; lastKnownFileType = file.storyboard; name = Base; path = Base.lproj/Main.storyboard; sourceTree = "<group>"; };
		0A059C88241241020067B69A /* Assets.xcassets */ = {isa = PBXFileReference; lastKnownFileType = folder.assetcatalog; path = Assets.xcassets; sourceTree = "<group>"; };
		0A059C8B241241020067B69A /* Base */ = {isa = PBXFileReference; lastKnownFileType = file.storyboard; name = Base; path = Base.lproj/LaunchScreen.storyboard; sourceTree = "<group>"; };
		0A059C8D241241020067B69A /* Info.plist */ = {isa = PBXFileReference; lastKnownFileType = text.plist.xml; path = Info.plist; sourceTree = "<group>"; };
		0A059C8E241241020067B69A /* main.m */ = {isa = PBXFileReference; lastKnownFileType = sourcecode.c.objc; path = main.m; sourceTree = "<group>"; };
		0A866D372588AB9D00DA4D59 /* HYGameSDK.framework */ = {isa = PBXFileReference; explicitFileType = wrapper.framework; path = HYGameSDK.framework; sourceTree = BUILT_PRODUCTS_DIR; };
		0AA7F6CC2714645300475CD3 /* Bundle.bundle */ = {isa = PBXFileReference; lastKnownFileType = "wrapper.plug-in"; path = Bundle.bundle; sourceTree = "<group>"; };
		0ABCD2CB2490EBBA00B84393 /* NewSDKBuild.framework */ = {isa = PBXFileReference; explicitFileType = wrapper.framework; path = NewSDKBuild.framework; sourceTree = BUILT_PRODUCTS_DIR; };
		0ABCD2D12490EC9800B84393 /* HYNewSDK.framework */ = {isa = PBXFileReference; explicitFileType = wrapper.framework; path = HYNewSDK.framework; sourceTree = BUILT_PRODUCTS_DIR; };
/* End PBXFileReference section */

/* Begin PBXFrameworksBuildPhase section */
		0A059C76241241010067B69A /* Frameworks */ = {
			isa = PBXFrameworksBuildPhase;
			buildActionMask = 2147483647;
			files = (
				0AA7F6C927145FD900475CD3 /* HYGameSDK.framework in Frameworks */,
			);
			runOnlyForDeploymentPostprocessing = 0;
		};
/* End PBXFrameworksBuildPhase section */

/* Begin PBXGroup section */
		0A059C70241241010067B69A = {
			isa = PBXGroup;
			children = (
				0A059C7B241241010067B69A /* 11QF_NewSDK */,
				0A059C7A241241010067B69A /* Products */,
				0ABCD2CA2490EBBA00B84393 /* Frameworks */,
			);
			sourceTree = "<group>";
		};
		0A059C7A241241010067B69A /* Products */ = {
			isa = PBXGroup;
			children = (
				0A059C79241241010067B69A /* 11QF_NewSDK.app */,
			);
			name = Products;
			sourceTree = "<group>";
		};
		0A059C7B241241010067B69A /* 11QF_NewSDK */ = {
			isa = PBXGroup;
			children = (
				0AA7F6CC2714645300475CD3 /* Bundle.bundle */,
				0A059C7C241241010067B69A /* AppDelegate.h */,
				0A059C7D241241010067B69A /* AppDelegate.m */,
				0A059C82241241010067B69A /* ViewController.h */,
				0A059C83241241010067B69A /* ViewController.m */,
				0A059C85241241010067B69A /* Main.storyboard */,
				0A059C88241241020067B69A /* Assets.xcassets */,
				0A059C8A241241020067B69A /* LaunchScreen.storyboard */,
				0A059C8D241241020067B69A /* Info.plist */,
				0A059C8E241241020067B69A /* main.m */,
			);
			path = 11QF_NewSDK;
			sourceTree = "<group>";
		};
		0ABCD2CA2490EBBA00B84393 /* Frameworks */ = {
			isa = PBXGroup;
			children = (
				0A866D372588AB9D00DA4D59 /* HYGameSDK.framework */,
				0ABCD2D12490EC9800B84393 /* HYNewSDK.framework */,
				0ABCD2CB2490EBBA00B84393 /* NewSDKBuild.framework */,
			);
			name = Frameworks;
			sourceTree = "<group>";
		};
/* End PBXGroup section */

/* Begin PBXNativeTarget section */
		0A059C78241241010067B69A /* 11QF_NewSDK */ = {
			isa = PBXNativeTarget;
			buildConfigurationList = 0A059C92241241020067B69A /* Build configuration list for PBXNativeTarget "11QF_NewSDK" */;
			buildPhases = (
				0A059C75241241010067B69A /* Sources */,
				0A059C76241241010067B69A /* Frameworks */,
				0A059C77241241010067B69A /* Resources */,
				0AA7F6CB27145FD900475CD3 /* Embed Frameworks */,
			);
			buildRules = (
			);
			dependencies = (
			);
			name = 11QF_NewSDK;
			productName = 11QF_NewSDK;
			productReference = 0A059C79241241010067B69A /* 11QF_NewSDK.app */;
			productType = "com.apple.product-type.application";
		};
/* End PBXNativeTarget section */

/* Begin PBXProject section */
		0A059C71241241010067B69A /* Project object */ = {
			isa = PBXProject;
			attributes = {
				CLASSPREFIX = QF_NewSDK;
				LastUpgradeCheck = 1130;
				ORGANIZATIONNAME = sowofw;
				TargetAttributes = {
					0A059C78241241010067B69A = {
						CreatedOnToolsVersion = 11.3;
					};
				};
			};
			buildConfigurationList = 0A059C74241241010067B69A /* Build configuration list for PBXProject "11QF_NewSDK" */;
			compatibilityVersion = "Xcode 9.3";
			developmentRegion = en;
			hasScannedForEncodings = 0;
			knownRegions = (
				en,
				Base,
			);
			mainGroup = 0A059C70241241010067B69A;
			productRefGroup = 0A059C7A241241010067B69A /* Products */;
			projectDirPath = "";
			projectRoot = "";
			targets = (
				0A059C78241241010067B69A /* 11QF_NewSDK */,
			);
		};
/* End PBXProject section */

/* Begin PBXResourcesBuildPhase section */
		0A059C77241241010067B69A /* Resources */ = {
			isa = PBXResourcesBuildPhase;
			buildActionMask = 2147483647;
			files = (
				0A059C8C241241020067B69A /* LaunchScreen.storyboard in Resources */,
				0A059C89241241020067B69A /* Assets.xcassets in Resources */,
				0A059C87241241010067B69A /* Main.storyboard in Resources */,
				0AA7F6CD2714645300475CD3 /* Bundle.bundle in Resources */,
			);
			runOnlyForDeploymentPostprocessing = 0;
		};
/* End PBXResourcesBuildPhase section */

/* Begin PBXSourcesBuildPhase section */
		0A059C75241241010067B69A /* Sources */ = {
			isa = PBXSourcesBuildPhase;
			buildActionMask = 2147483647;
			files = (
				0A059C84241241010067B69A /* ViewController.m in Sources */,
				0A059C7E241241010067B69A /* AppDelegate.m in Sources */,
				0A059C8F241241020067B69A /* main.m in Sources */,
			);
			runOnlyForDeploymentPostprocessing = 0;
		};
/* End PBXSourcesBuildPhase section */

/* Begin PBXVariantGroup section */
		0A059C85241241010067B69A /* Main.storyboard */ = {
			isa = PBXVariantGroup;
			children = (
				0A059C86241241010067B69A /* Base */,
			);
			name = Main.storyboard;
			sourceTree = "<group>";
		};
		0A059C8A241241020067B69A /* LaunchScreen.storyboard */ = {
			isa = PBXVariantGroup;
			children = (
				0A059C8B241241020067B69A /* Base */,
			);
			name = LaunchScreen.storyboard;
			sourceTree = "<group>";
		};
/* End PBXVariantGroup section */

/* Begin XCBuildConfiguration section */
		0A059C90241241020067B69A /* Debug */ = {
			isa = XCBuildConfiguration;
			buildSettings = {
				ALWAYS_SEARCH_USER_PATHS = NO;
				CLANG_ANALYZER_NONNULL = YES;
				CLANG_ANALYZER_NUMBER_OBJECT_CONVERSION = YES_AGGRESSIVE;
				CLANG_CXX_LANGUAGE_STANDARD = "gnu++14";
				CLANG_CXX_LIBRARY = "libc++";
				CLANG_ENABLE_MODULES = YES;
				CLANG_ENABLE_OBJC_ARC = YES;
				CLANG_ENABLE_OBJC_WEAK = YES;
				CLANG_WARN_BLOCK_CAPTURE_AUTORELEASING = YES;
				CLANG_WARN_BOOL_CONVERSION = YES;
				CLANG_WARN_COMMA = YES;
				CLANG_WARN_CONSTANT_CONVERSION = YES;
				CLANG_WARN_DEPRECATED_OBJC_IMPLEMENTATIONS = YES;
				CLANG_WARN_DIRECT_OBJC_ISA_USAGE = YES_ERROR;
				CLANG_WARN_DOCUMENTATION_COMMENTS = YES;
				CLANG_WARN_EMPTY_BODY = YES;
				CLANG_WARN_ENUM_CONVERSION = YES;
				CLANG_WARN_INFINITE_RECURSION = YES;
				CLANG_WARN_INT_CONVERSION = YES;
				CLANG_WARN_NON_LITERAL_NULL_CONVERSION = YES;
				CLANG_WARN_OBJC_IMPLICIT_RETAIN_SELF = YES;
				CLANG_WARN_OBJC_LITERAL_CONVERSION = YES;
				CLANG_WARN_OBJC_ROOT_CLASS = YES_ERROR;
				CLANG_WARN_RANGE_LOOP_ANALYSIS = YES;
				CLANG_WARN_STRICT_PROTOTYPES = YES;
				CLANG_WARN_SUSPICIOUS_MOVE = YES;
				CLANG_WARN_UNGUARDED_AVAILABILITY = YES_AGGRESSIVE;
				CLANG_WARN_UNREACHABLE_CODE = YES;
				CLANG_WARN__DUPLICATE_METHOD_MATCH = YES;
				COPY_PHASE_STRIP = NO;
				DEBUG_INFORMATION_FORMAT = dwarf;
				ENABLE_STRICT_OBJC_MSGSEND = YES;
				ENABLE_TESTABILITY = YES;
				GCC_C_LANGUAGE_STANDARD = gnu11;
				GCC_DYNAMIC_NO_PIC = NO;
				GCC_NO_COMMON_BLOCKS = YES;
				GCC_OPTIMIZATION_LEVEL = 0;
				GCC_PREPROCESSOR_DEFINITIONS = (
					"DEBUG=1",
					"$(inherited)",
				);
				GCC_WARN_64_TO_32_BIT_CONVERSION = YES;
				GCC_WARN_ABOUT_RETURN_TYPE = YES_ERROR;
				GCC_WARN_UNDECLARED_SELECTOR = YES;
				GCC_WARN_UNINITIALIZED_AUTOS = YES_AGGRESSIVE;
				GCC_WARN_UNUSED_FUNCTION = YES;
				GCC_WARN_UNUSED_VARIABLE = YES;
				IPHONEOS_DEPLOYMENT_TARGET = 13.2;
				MTL_ENABLE_DEBUG_INFO = INCLUDE_SOURCE;
				MTL_FAST_MATH = YES;
				ONLY_ACTIVE_ARCH = YES;
				SDKROOT = iphoneos;
			};
			name = Debug;
		};
		0A059C91241241020067B69A /* Release */ = {
			isa = XCBuildConfiguration;
			buildSettings = {
				ALWAYS_SEARCH_USER_PATHS = NO;
				CLANG_ANALYZER_NONNULL = YES;
				CLANG_ANALYZER_NUMBER_OBJECT_CONVERSION = YES_AGGRESSIVE;
				CLANG_CXX_LANGUAGE_STANDARD = "gnu++14";
				CLANG_CXX_LIBRARY = "libc++";
				CLANG_ENABLE_MODULES = YES;
				CLANG_ENABLE_OBJC_ARC = YES;
				CLANG_ENABLE_OBJC_WEAK = YES;
				CLANG_WARN_BLOCK_CAPTURE_AUTORELEASING = YES;
				CLANG_WARN_BOOL_CONVERSION = YES;
				CLANG_WARN_COMMA = YES;
				CLANG_WARN_CONSTANT_CONVERSION = YES;
				CLANG_WARN_DEPRECATED_OBJC_IMPLEMENTATIONS = YES;
				CLANG_WARN_DIRECT_OBJC_ISA_USAGE = YES_ERROR;
				CLANG_WARN_DOCUMENTATION_COMMENTS = YES;
				CLANG_WARN_EMPTY_BODY = YES;
				CLANG_WARN_ENUM_CONVERSION = YES;
				CLANG_WARN_INFINITE_RECURSION = YES;
				CLANG_WARN_INT_CONVERSION = YES;
				CLANG_WARN_NON_LITERAL_NULL_CONVERSION = YES;
				CLANG_WARN_OBJC_IMPLICIT_RETAIN_SELF = YES;
				CLANG_WARN_OBJC_LITERAL_CONVERSION = YES;
				CLANG_WARN_OBJC_ROOT_CLASS = YES_ERROR;
				CLANG_WARN_RANGE_LOOP_ANALYSIS = YES;
				CLANG_WARN_STRICT_PROTOTYPES = YES;
				CLANG_WARN_SUSPICIOUS_MOVE = YES;
				CLANG_WARN_UNGUARDED_AVAILABILITY = YES_AGGRESSIVE;
				CLANG_WARN_UNREACHABLE_CODE = YES;
				CLANG_WARN__DUPLICATE_METHOD_MATCH = YES;
				COPY_PHASE_STRIP = NO;
				DEBUG_INFORMATION_FORMAT = "dwarf-with-dsym";
				ENABLE_NS_ASSERTIONS = NO;
				ENABLE_STRICT_OBJC_MSGSEND = YES;
				GCC_C_LANGUAGE_STANDARD = gnu11;
				GCC_NO_COMMON_BLOCKS = YES;
				GCC_WARN_64_TO_32_BIT_CONVERSION = YES;
				GCC_WARN_ABOUT_RETURN_TYPE = YES_ERROR;
				GCC_WARN_UNDECLARED_SELECTOR = YES;
				GCC_WARN_UNINITIALIZED_AUTOS = YES_AGGRESSIVE;
				GCC_WARN_UNUSED_FUNCTION = YES;
				GCC_WARN_UNUSED_VARIABLE = YES;
				IPHONEOS_DEPLOYMENT_TARGET = 13.2;
				MTL_ENABLE_DEBUG_INFO = NO;
				MTL_FAST_MATH = YES;
				SDKROOT = iphoneos;
				VALIDATE_PRODUCT = YES;
			};
			name = Release;
		};
		0A059C93241241020067B69A /* Debug */ = {
			isa = XCBuildConfiguration;
			buildSettings = {
				ASSETCATALOG_COMPILER_APPICON_NAME = AppIcon;
				CODE_SIGN_STYLE = Automatic;
				DEVELOPMENT_TEAM = 3XQ89XT8BW;
				INFOPLIST_FILE = 11QF_NewSDK/Info.plist;
				IPHONEOS_DEPLOYMENT_TARGET = 9.3;
				LD_RUNPATH_SEARCH_PATHS = (
					"$(inherited)",
					"@executable_path/Frameworks",
				);
				OTHER_LDFLAGS = "-all_load";
				PRODUCT_BUNDLE_IDENTIFIER = com.slzjx.gszhkgb;
				PRODUCT_NAME = "$(TARGET_NAME)";
				TARGETED_DEVICE_FAMILY = "1,2";
			};
			name = Debug;
		};
		0A059C94241241020067B69A /* Release */ = {
			isa = XCBuildConfiguration;
			buildSettings = {
				ASSETCATALOG_COMPILER_APPICON_NAME = AppIcon;
				CODE_SIGN_STYLE = Automatic;
				DEVELOPMENT_TEAM = 3XQ89XT8BW;
				INFOPLIST_FILE = 11QF_NewSDK/Info.plist;
				IPHONEOS_DEPLOYMENT_TARGET = 9.3;
				LD_RUNPATH_SEARCH_PATHS = (
					"$(inherited)",
					"@executable_path/Frameworks",
				);
				OTHER_LDFLAGS = "-all_load";
				PRODUCT_BUNDLE_IDENTIFIER = com.slzjx.gszhkgb;
				PRODUCT_NAME = "$(TARGET_NAME)";
				TARGETED_DEVICE_FAMILY = "1,2";
			};
			name = Release;
		};
/* End XCBuildConfiguration section */

/* Begin XCConfigurationList section */
		0A059C74241241010067B69A /* Build configuration list for PBXProject "11QF_NewSDK" */ = {
			isa = XCConfigurationList;
			buildConfigurations = (
				0A059C90241241020067B69A /* Debug */,
				0A059C91241241020067B69A /* Release */,
			);
			defaultConfigurationIsVisible = 0;
			defaultConfigurationName = Release;
		};
		0A059C92241241020067B69A /* Build configuration list for PBXNativeTarget "11QF_NewSDK" */ = {
			isa = XCConfigurationList;
			buildConfigurations = (
				0A059C93241241020067B69A /* Debug */,
				0A059C94241241020067B69A /* Release */,
			);
			defaultConfigurationIsVisible = 0;
			defaultConfigurationName = Release;
		};
/* End XCConfigurationList section */
	};
	rootObject = 0A059C71241241010067B69A /* Project object */;
}
